
Microsoft Visual Studio Solution File, Format Version 12.00
# Visual Studio 15
VisualStudioVersion = 15.0.27004.2010
MinimumVisualStudioVersion = 10.0.40219.1
Project("{FAE04EC0-301F-11D3-BF4B-00C04F79EFBC}") = "ConsolePredict", "ConsolePredict\ConsolePredict.csproj", "{EE1AFD19-D3FF-4DD5-9A86-269E195DB886}"
EndProject
Global
	GlobalSection(SolutionConfigurationPlatforms) = preSolution
		Debug|Any CPU = Debug|Any CPU
		Release|Any CPU = Release|Any CPU
	EndGlobalSection
	GlobalSection(ProjectConfigurationPlatforms) = postSolution
		{EE1AFD19-D3FF-4DD5-9A86-269E195DB886}.Debug|Any CPU.ActiveCfg = Debug|Any CPU
		{EE1AFD19-D3FF-4DD5-9A86-269E195DB886}.Debug|Any CPU.Build.0 = Debug|Any CPU
		{EE1AFD19-D3FF-4DD5-9A86-269E195DB886}.Release|Any CPU.ActiveCfg = Release|Any CPU
		{EE1AFD19-D3FF-4DD5-9A86-269E195DB886}.Release|Any CPU.Build.0 = Release|Any CPU
	EndGlobalSection
	GlobalSection(SolutionProperties) = preSolution
		HideSolutionNode = FALSE
	EndGlobalSection
	GlobalSection(ExtensibilityGlobals) = postSolution
		SolutionGuid = {925034AA-928F-4CE9-8C25-C1CCA19F80C6}
	EndGlobalSection
EndGlobal
