
Microsoft Visual Studio Solution File, Format Version 12.00
# Visual Studio 15
VisualStudioVersion = 15.0.27004.2010
MinimumVisualStudioVersion = 10.0.40219.1
Project("{FAE04EC0-301F-11D3-BF4B-00C04F79EFBC}") = "ConsolePrediction", "ConsolePrediction\ConsolePrediction.csproj", "{CA8DE6C4-0553-4BB8-8072-810EB60BFCA1}"
EndProject
Global
	GlobalSection(SolutionConfigurationPlatforms) = preSolution
		Debug|Any CPU = Debug|Any CPU
		Release|Any CPU = Release|Any CPU
	EndGlobalSection
	GlobalSection(ProjectConfigurationPlatforms) = postSolution
		{CA8DE6C4-0553-4BB8-8072-810EB60BFCA1}.Debug|Any CPU.ActiveCfg = Debug|Any CPU
		{CA8DE6C4-0553-4BB8-8072-810EB60BFCA1}.Debug|Any CPU.Build.0 = Debug|Any CPU
		{CA8DE6C4-0553-4BB8-8072-810EB60BFCA1}.Release|Any CPU.ActiveCfg = Release|Any CPU
		{CA8DE6C4-0553-4BB8-8072-810EB60BFCA1}.Release|Any CPU.Build.0 = Release|Any CPU
	EndGlobalSection
	GlobalSection(SolutionProperties) = preSolution
		HideSolutionNode = FALSE
	EndGlobalSection
	GlobalSection(ExtensibilityGlobals) = postSolution
		SolutionGuid = {206F3F28-2EB0-4713-A577-F9A091C2D0B3}
	EndGlobalSection
EndGlobal
